<?xml version="1.0" encoding="utf-8"?>
<Project ToolsVersion="4.0" xmlns="http://schemas.microsoft.com/developer/msbuild/2003">
  <ItemGroup>
    <Filter Include="소스 파일">
      <UniqueIdentifier>{4FC737F1-C7A5-4376-A066-2A32D752A2FF}</UniqueIdentifier>
      <Extensions>cpp;c;cc;cxx;c++;cppm;ixx;def;odl;idl;hpj;bat;asm;asmx</Extensions>
    </Filter>
    <Filter Include="헤더 파일">
      <UniqueIdentifier>{93995380-89BD-4b04-88EB-625FBE52EBFB}</UniqueIdentifier>
      <Extensions>h;hh;hpp;hxx;h++;hm;inl;inc;ipp;xsd</Extensions>
    </Filter>
    <Filter Include="리소스 파일">
      <UniqueIdentifier>{67DA6AB6-F800-4c08-8B7A-83BB121AAD01}</UniqueIdentifier>
      <Extensions>rc;ico;cur;bmp;dlg;rc2;rct;bin;rgs;gif;jpg;jpeg;jpe;resx;tiff;tif;png;wav;mfcribbon-ms</Extensions>
    </Filter>
    <Filter Include="헤더 파일\etc">
      <UniqueIdentifier>{aa844ba6-39c8-4cfa-a776-8d384af2ee17}</UniqueIdentifier>
    </Filter>
    <Filter Include="소스 파일\etc">
      <UniqueIdentifier>{c02f0cd4-4ce5-4e38-ab16-7c3f69a14e8a}</UniqueIdentifier>
    </Filter>
    <Filter Include="소스 파일\Cuda">
      <UniqueIdentifier>{f0c90f6b-fde0-4031-9395-5a023f64c72d}</UniqueIdentifier>
    </Filter>
    <Filter Include="헤더 파일\Cuda">
      <UniqueIdentifier>{45dac560-a2c9-47c0-8a6f-0970ef9e6f84}</UniqueIdentifier>
    </Filter>
  </ItemGroup>
  <ItemGroup>
    <ClInclude Include="pch.h">
      <Filter>헤더 파일\etc</Filter>
    </ClInclude>
    <ClInclude Include="Type.h">
      <Filter>헤더 파일</Filter>
    </ClInclude>
    <ClInclude Include="ImageLabelToolCore.h">
      <Filter>헤더 파일</Filter>
    </ClInclude>
    <ClInclude Include="Macro.h">
      <Filter>헤더 파일\etc</Filter>
    </ClInclude>
    <ClInclude Include="Switcher.h">
      <Filter>헤더 파일</Filter>
    </ClInclude>
  </ItemGroup>
  <ItemGroup>
    <ClCompile Include="ImageLabelToolCore.cpp">
      <Filter>소스 파일</Filter>
    </ClCompile>
    <ClCompile Include="pch.cpp">
      <Filter>소스 파일\etc</Filter>
    </ClCompile>
    <ClCompile Include="Type.cpp">
      <Filter>소스 파일</Filter>
    </ClCompile>
    <ClCompile Include="Switcher.cpp">
      <Filter>소스 파일</Filter>
    </ClCompile>
  </ItemGroup>
  <ItemGroup>
    <CudaCompile Include="CudaMacro.cuh" />
    <CudaCompile Include="CudaType.cu" />
    <CudaCompile Include="CudaType.cuh" />
  </ItemGroup>
  <ItemGroup>
    <None Include="cpp.hint" />
  </ItemGroup>
</Project>